
Microsoft Visual Studio Solution File, Format Version 12.00
# Visual Studio Version 17
VisualStudioVersion = 17.13.35825.156 d17.13
MinimumVisualStudioVersion = 10.0.40219.1
Project("{FAE04EC0-301F-11D3-BF4B-00C04F79EFBC}") = "ServiceExample", "ServiceExample.csproj", "{DAEBD75C-0A3E-4FDD-8D41-0E39604BAAC1}"
EndProject
Project("{FAE04EC0-301F-11D3-BF4B-00C04F79EFBC}") = "CitiesService", "..\CitiesService\CitiesService.csproj", "{5EE24AFF-4D1D-4203-9018-A3FBCF59DE1B}"
EndProject
Global
	GlobalSection(SolutionConfigurationPlatforms) = preSolution
		Debug|Any CPU = Debug|Any CPU
		Release|Any CPU = Release|Any CPU
	EndGlobalSection
	GlobalSection(ProjectConfigurationPlatforms) = postSolution
		{DAEBD75C-0A3E-4FDD-8D41-0E39604BAAC1}.Debug|Any CPU.ActiveCfg = Debug|Any CPU
		{DAEBD75C-0A3E-4FDD-8D41-0E39604BAAC1}.Debug|Any CPU.Build.0 = Debug|Any CPU
		{DAEBD75C-0A3E-4FDD-8D41-0E39604BAAC1}.Release|Any CPU.ActiveCfg = Release|Any CPU
		{DAEBD75C-0A3E-4FDD-8D41-0E39604BAAC1}.Release|Any CPU.Build.0 = Release|Any CPU
		{5EE24AFF-4D1D-4203-9018-A3FBCF59DE1B}.Debug|Any CPU.ActiveCfg = Debug|Any CPU
		{5EE24AFF-4D1D-4203-9018-A3FBCF59DE1B}.Debug|Any CPU.Build.0 = Debug|Any CPU
		{5EE24AFF-4D1D-4203-9018-A3FBCF59DE1B}.Release|Any CPU.ActiveCfg = Release|Any CPU
		{5EE24AFF-4D1D-4203-9018-A3FBCF59DE1B}.Release|Any CPU.Build.0 = Release|Any CPU
	EndGlobalSection
	GlobalSection(SolutionProperties) = preSolution
		HideSolutionNode = FALSE
	EndGlobalSection
	GlobalSection(ExtensibilityGlobals) = postSolution
		SolutionGuid = {CC9CFD68-0BC2-4CC4-8344-1D5A29912CE2}
	EndGlobalSection
EndGlobal
