
Microsoft Visual Studio Solution File, Format Version 12.00
# Visual Studio Version 17
VisualStudioVersion = 17.13.35825.156
MinimumVisualStudioVersion = 10.0.40219.1
Project("{FAE04EC0-301F-11D3-BF4B-00C04F79EFBC}") = "ServiceExample", "ServiceExample.csproj", "{DAEBD75C-0A3E-4FDD-8D41-0E39604BAAC1}"
EndProject
Project("{FAE04EC0-301F-11D3-BF4B-00C04F79EFBC}") = "CitiesServiceContract", "..\CitiesServiceContract\CitiesServiceContract.csproj", "{32486A5C-94B8-4E0E-B823-67CB83CC8883}"
EndProject
Project("{FAE04EC0-301F-11D3-BF4B-00C04F79EFBC}") = "CitiesService", "..\CitiesService\CitiesService.csproj", "{91AC6FEA-DE5C-1E6A-0C1A-E7B8858735E0}"
EndProject
Global
	GlobalSection(SolutionConfigurationPlatforms) = preSolution
		Debug|Any CPU = Debug|Any CPU
		Release|Any CPU = Release|Any CPU
	EndGlobalSection
	GlobalSection(ProjectConfigurationPlatforms) = postSolution
		{DAEBD75C-0A3E-4FDD-8D41-0E39604BAAC1}.Debug|Any CPU.ActiveCfg = Debug|Any CPU
		{DAEBD75C-0A3E-4FDD-8D41-0E39604BAAC1}.Debug|Any CPU.Build.0 = Debug|Any CPU
		{DAEBD75C-0A3E-4FDD-8D41-0E39604BAAC1}.Release|Any CPU.ActiveCfg = Release|Any CPU
		{DAEBD75C-0A3E-4FDD-8D41-0E39604BAAC1}.Release|Any CPU.Build.0 = Release|Any CPU
		{32486A5C-94B8-4E0E-B823-67CB83CC8883}.Debug|Any CPU.ActiveCfg = Debug|Any CPU
		{32486A5C-94B8-4E0E-B823-67CB83CC8883}.Debug|Any CPU.Build.0 = Debug|Any CPU
		{32486A5C-94B8-4E0E-B823-67CB83CC8883}.Release|Any CPU.ActiveCfg = Release|Any CPU
		{32486A5C-94B8-4E0E-B823-67CB83CC8883}.Release|Any CPU.Build.0 = Release|Any CPU
		{91AC6FEA-DE5C-1E6A-0C1A-E7B8858735E0}.Debug|Any CPU.ActiveCfg = Debug|Any CPU
		{91AC6FEA-DE5C-1E6A-0C1A-E7B8858735E0}.Debug|Any CPU.Build.0 = Debug|Any CPU
		{91AC6FEA-DE5C-1E6A-0C1A-E7B8858735E0}.Release|Any CPU.ActiveCfg = Release|Any CPU
		{91AC6FEA-DE5C-1E6A-0C1A-E7B8858735E0}.Release|Any CPU.Build.0 = Release|Any CPU
	EndGlobalSection
	GlobalSection(SolutionProperties) = preSolution
		HideSolutionNode = FALSE
	EndGlobalSection
	GlobalSection(ExtensibilityGlobals) = postSolution
		SolutionGuid = {CC9CFD68-0BC2-4CC4-8344-1D5A29912CE2}
	EndGlobalSection
EndGlobal
