Microsoft Visual Studio Solution File, Format Version 12.00
# Visual Studio Version 17
VisualStudioVersion = 17.5.2.0
MinimumVisualStudioVersion = 10.0.40219.1
Project("{FAE04EC0-301F-11D3-BF4B-00C04F79EFBC}") = "routing_assignment", "routing_assignment.csproj", "{4E838B3F-9CB3-91CC-3D0D-BCD14379D766}"
EndProject
Global
	GlobalSection(SolutionConfigurationPlatforms) = preSolution
		Debug|Any CPU = Debug|Any CPU
		Release|Any CPU = Release|Any CPU
	EndGlobalSection
	GlobalSection(ProjectConfigurationPlatforms) = postSolution
		{4E838B3F-9CB3-91CC-3D0D-BCD14379D766}.Debug|Any CPU.ActiveCfg = Debug|Any CPU
		{4E838B3F-9CB3-91CC-3D0D-BCD14379D766}.Debug|Any CPU.Build.0 = Debug|Any CPU
		{4E838B3F-9CB3-91CC-3D0D-BCD14379D766}.Release|Any CPU.ActiveCfg = Release|Any CPU
		{4E838B3F-9CB3-91CC-3D0D-BCD14379D766}.Release|Any CPU.Build.0 = Release|Any CPU
	EndGlobalSection
	GlobalSection(SolutionProperties) = preSolution
		HideSolutionNode = FALSE
	EndGlobalSection
	GlobalSection(ExtensibilityGlobals) = postSolution
		SolutionGuid = {00C0879D-1574-4D17-9F54-DA93A5F014EC}
	EndGlobalSection
EndGlobal
