
Microsoft Visual Studio Solution File, Format Version 12.00
# Visual Studio Version 17
VisualStudioVersion = 17.13.35825.156 d17.13
MinimumVisualStudioVersion = 10.0.40219.1
Project("{FAE04EC0-301F-11D3-BF4B-00C04F79EFBC}") = "CRUDExample", "CRUDExample.csproj", "{26B35D72-3829-7A5C-5DEF-42DF5D6B2138}"
EndProject
Project("{FAE04EC0-301F-11D3-BF4B-00C04F79EFBC}") = "CRUDTest", "..\CRUDTest\CRUDTest.csproj", "{FB36F0B8-A646-430B-9D04-C256D0B9C85E}"
EndProject
Project("{FAE04EC0-301F-11D3-BF4B-00C04F79EFBC}") = "Entities", "..\Entities\Entities.csproj", "{EE660762-A14E-4990-AFDA-CE2A6D59C90E}"
EndProject
Project("{FAE04EC0-301F-11D3-BF4B-00C04F79EFBC}") = "ServiceContracts", "..\ServiceContracts\ServiceContracts.csproj", "{821AC835-A056-4380-AE0E-4F3EEDBB5EF1}"
EndProject
Global
	GlobalSection(SolutionConfigurationPlatforms) = preSolution
		Debug|Any CPU = Debug|Any CPU
		Release|Any CPU = Release|Any CPU
	EndGlobalSection
	GlobalSection(ProjectConfigurationPlatforms) = postSolution
		{26B35D72-3829-7A5C-5DEF-42DF5D6B2138}.Debug|Any CPU.ActiveCfg = Debug|Any CPU
		{26B35D72-3829-7A5C-5DEF-42DF5D6B2138}.Debug|Any CPU.Build.0 = Debug|Any CPU
		{26B35D72-3829-7A5C-5DEF-42DF5D6B2138}.Release|Any CPU.ActiveCfg = Release|Any CPU
		{26B35D72-3829-7A5C-5DEF-42DF5D6B2138}.Release|Any CPU.Build.0 = Release|Any CPU
		{FB36F0B8-A646-430B-9D04-C256D0B9C85E}.Debug|Any CPU.ActiveCfg = Debug|Any CPU
		{FB36F0B8-A646-430B-9D04-C256D0B9C85E}.Debug|Any CPU.Build.0 = Debug|Any CPU
		{FB36F0B8-A646-430B-9D04-C256D0B9C85E}.Release|Any CPU.ActiveCfg = Release|Any CPU
		{FB36F0B8-A646-430B-9D04-C256D0B9C85E}.Release|Any CPU.Build.0 = Release|Any CPU
		{EE660762-A14E-4990-AFDA-CE2A6D59C90E}.Debug|Any CPU.ActiveCfg = Debug|Any CPU
		{EE660762-A14E-4990-AFDA-CE2A6D59C90E}.Debug|Any CPU.Build.0 = Debug|Any CPU
		{EE660762-A14E-4990-AFDA-CE2A6D59C90E}.Release|Any CPU.ActiveCfg = Release|Any CPU
		{EE660762-A14E-4990-AFDA-CE2A6D59C90E}.Release|Any CPU.Build.0 = Release|Any CPU
		{821AC835-A056-4380-AE0E-4F3EEDBB5EF1}.Debug|Any CPU.ActiveCfg = Debug|Any CPU
		{821AC835-A056-4380-AE0E-4F3EEDBB5EF1}.Debug|Any CPU.Build.0 = Debug|Any CPU
		{821AC835-A056-4380-AE0E-4F3EEDBB5EF1}.Release|Any CPU.ActiveCfg = Release|Any CPU
		{821AC835-A056-4380-AE0E-4F3EEDBB5EF1}.Release|Any CPU.Build.0 = Release|Any CPU
	EndGlobalSection
	GlobalSection(SolutionProperties) = preSolution
		HideSolutionNode = FALSE
	EndGlobalSection
	GlobalSection(ExtensibilityGlobals) = postSolution
		SolutionGuid = {AAE0190E-5D19-4347-B634-606654458498}
	EndGlobalSection
EndGlobal
